
Microsoft Visual Studio Solution File, Format Version 12.00
# Visual Studio Version 17
VisualStudioVersion = 17.14.36414.22
MinimumVisualStudioVersion = 10.0.40219.1
Project("{FAE04EC0-301F-11D3-BF4B-00C04F79EFBC}") = "GAC.WMS.Integrations.API", "GAC.WMS.Integrations.API\GAC.WMS.Integrations.API.csproj", "{87B5F9FB-39D2-4C33-9214-3C77260E239A}"
EndProject
Project("{FAE04EC0-301F-11D3-BF4B-00C04F79EFBC}") = "GAC.WMS.Integrations.Domain", "GAC.WMS.Integrations.Domain\GAC.WMS.Integrations.Domain.csproj", "{07BF4650-E516-455D-B28E-DAEB6252F191}"
EndProject
Project("{FAE04EC0-301F-11D3-BF4B-00C04F79EFBC}") = "GAC.WMS.Integrations.Application", "GAC.WMS.Integrations.Application\GAC.WMS.Integrations.Application.csproj", "{F8BD9FF3-83B3-4148-BE94-5AB3F454333A}"
EndProject
Project("{FAE04EC0-301F-11D3-BF4B-00C04F79EFBC}") = "GAC.WMS.Integrations.Infrastructure", "GAC.WMS.Integrations.Infrastructure\GAC.WMS.Integrations.Infrastructure.csproj", "{3965BFCF-77C8-4F50-8E2B-1F284927EDD0}"
EndProject
Project("{2150E333-8FDC-42A3-9474-1A3956D46DE8}") = "Tests", "Tests", "{02EA681E-C7D8-13C7-8484-4AC65E1B71E8}"
EndProject
Project("{FAE04EC0-301F-11D3-BF4B-00C04F79EFBC}") = "GAC.WMS.Integrations.UnitTests", "GAC.WMS.Integrations.UnitTests\GAC.WMS.Integrations.UnitTests.csproj", "{D0F92C2A-1113-482D-9E4D-9EBEDE4944BA}"
EndProject
Project("{FAE04EC0-301F-11D3-BF4B-00C04F79EFBC}") = "GAC.WMS.Integrations.IntegrationTests", "GAC.WMS.Integrations.IntegrationTests\GAC.WMS.Integrations.IntegrationTests.csproj", "{72CA9164-8F61-4597-8C7E-3D156C6DE8DD}"
EndProject
Global
	GlobalSection(SolutionConfigurationPlatforms) = preSolution
		Debug|Any CPU = Debug|Any CPU
		Debug|x64 = Debug|x64
		Debug|x86 = Debug|x86
		Release|Any CPU = Release|Any CPU
		Release|x64 = Release|x64
		Release|x86 = Release|x86
	EndGlobalSection
	GlobalSection(ProjectConfigurationPlatforms) = postSolution
		{87B5F9FB-39D2-4C33-9214-3C77260E239A}.Debug|Any CPU.ActiveCfg = Debug|Any CPU
		{87B5F9FB-39D2-4C33-9214-3C77260E239A}.Debug|Any CPU.Build.0 = Debug|Any CPU
		{87B5F9FB-39D2-4C33-9214-3C77260E239A}.Debug|x64.ActiveCfg = Debug|Any CPU
		{87B5F9FB-39D2-4C33-9214-3C77260E239A}.Debug|x64.Build.0 = Debug|Any CPU
		{87B5F9FB-39D2-4C33-9214-3C77260E239A}.Debug|x86.ActiveCfg = Debug|Any CPU
		{87B5F9FB-39D2-4C33-9214-3C77260E239A}.Debug|x86.Build.0 = Debug|Any CPU
		{87B5F9FB-39D2-4C33-9214-3C77260E239A}.Release|Any CPU.ActiveCfg = Release|Any CPU
		{87B5F9FB-39D2-4C33-9214-3C77260E239A}.Release|Any CPU.Build.0 = Release|Any CPU
		{87B5F9FB-39D2-4C33-9214-3C77260E239A}.Release|x64.ActiveCfg = Release|Any CPU
		{87B5F9FB-39D2-4C33-9214-3C77260E239A}.Release|x64.Build.0 = Release|Any CPU
		{87B5F9FB-39D2-4C33-9214-3C77260E239A}.Release|x86.ActiveCfg = Release|Any CPU
		{87B5F9FB-39D2-4C33-9214-3C77260E239A}.Release|x86.Build.0 = Release|Any CPU
		{07BF4650-E516-455D-B28E-DAEB6252F191}.Debug|Any CPU.ActiveCfg = Debug|Any CPU
		{07BF4650-E516-455D-B28E-DAEB6252F191}.Debug|Any CPU.Build.0 = Debug|Any CPU
		{07BF4650-E516-455D-B28E-DAEB6252F191}.Debug|x64.ActiveCfg = Debug|Any CPU
		{07BF4650-E516-455D-B28E-DAEB6252F191}.Debug|x64.Build.0 = Debug|Any CPU
		{07BF4650-E516-455D-B28E-DAEB6252F191}.Debug|x86.ActiveCfg = Debug|Any CPU
		{07BF4650-E516-455D-B28E-DAEB6252F191}.Debug|x86.Build.0 = Debug|Any CPU
		{07BF4650-E516-455D-B28E-DAEB6252F191}.Release|Any CPU.ActiveCfg = Release|Any CPU
		{07BF4650-E516-455D-B28E-DAEB6252F191}.Release|Any CPU.Build.0 = Release|Any CPU
		{07BF4650-E516-455D-B28E-DAEB6252F191}.Release|x64.ActiveCfg = Release|Any CPU
		{07BF4650-E516-455D-B28E-DAEB6252F191}.Release|x64.Build.0 = Release|Any CPU
		{07BF4650-E516-455D-B28E-DAEB6252F191}.Release|x86.ActiveCfg = Release|Any CPU
		{07BF4650-E516-455D-B28E-DAEB6252F191}.Release|x86.Build.0 = Release|Any CPU
		{F8BD9FF3-83B3-4148-BE94-5AB3F454333A}.Debug|Any CPU.ActiveCfg = Debug|Any CPU
		{F8BD9FF3-83B3-4148-BE94-5AB3F454333A}.Debug|Any CPU.Build.0 = Debug|Any CPU
		{F8BD9FF3-83B3-4148-BE94-5AB3F454333A}.Debug|x64.ActiveCfg = Debug|Any CPU
		{F8BD9FF3-83B3-4148-BE94-5AB3F454333A}.Debug|x64.Build.0 = Debug|Any CPU
		{F8BD9FF3-83B3-4148-BE94-5AB3F454333A}.Debug|x86.ActiveCfg = Debug|Any CPU
		{F8BD9FF3-83B3-4148-BE94-5AB3F454333A}.Debug|x86.Build.0 = Debug|Any CPU
		{F8BD9FF3-83B3-4148-BE94-5AB3F454333A}.Release|Any CPU.ActiveCfg = Release|Any CPU
		{F8BD9FF3-83B3-4148-BE94-5AB3F454333A}.Release|Any CPU.Build.0 = Release|Any CPU
		{F8BD9FF3-83B3-4148-BE94-5AB3F454333A}.Release|x64.ActiveCfg = Release|Any CPU
		{F8BD9FF3-83B3-4148-BE94-5AB3F454333A}.Release|x64.Build.0 = Release|Any CPU
		{F8BD9FF3-83B3-4148-BE94-5AB3F454333A}.Release|x86.ActiveCfg = Release|Any CPU
		{F8BD9FF3-83B3-4148-BE94-5AB3F454333A}.Release|x86.Build.0 = Release|Any CPU
		{3965BFCF-77C8-4F50-8E2B-1F284927EDD0}.Debug|Any CPU.ActiveCfg = Debug|Any CPU
		{3965BFCF-77C8-4F50-8E2B-1F284927EDD0}.Debug|Any CPU.Build.0 = Debug|Any CPU
		{3965BFCF-77C8-4F50-8E2B-1F284927EDD0}.Debug|x64.ActiveCfg = Debug|Any CPU
		{3965BFCF-77C8-4F50-8E2B-1F284927EDD0}.Debug|x64.Build.0 = Debug|Any CPU
		{3965BFCF-77C8-4F50-8E2B-1F284927EDD0}.Debug|x86.ActiveCfg = Debug|Any CPU
		{3965BFCF-77C8-4F50-8E2B-1F284927EDD0}.Debug|x86.Build.0 = Debug|Any CPU
		{3965BFCF-77C8-4F50-8E2B-1F284927EDD0}.Release|Any CPU.ActiveCfg = Release|Any CPU
		{3965BFCF-77C8-4F50-8E2B-1F284927EDD0}.Release|Any CPU.Build.0 = Release|Any CPU
		{3965BFCF-77C8-4F50-8E2B-1F284927EDD0}.Release|x64.ActiveCfg = Release|Any CPU
		{3965BFCF-77C8-4F50-8E2B-1F284927EDD0}.Release|x64.Build.0 = Release|Any CPU
		{3965BFCF-77C8-4F50-8E2B-1F284927EDD0}.Release|x86.ActiveCfg = Release|Any CPU
		{3965BFCF-77C8-4F50-8E2B-1F284927EDD0}.Release|x86.Build.0 = Release|Any CPU
		{D0F92C2A-1113-482D-9E4D-9EBEDE4944BA}.Debug|Any CPU.ActiveCfg = Debug|Any CPU
		{D0F92C2A-1113-482D-9E4D-9EBEDE4944BA}.Debug|Any CPU.Build.0 = Debug|Any CPU
		{D0F92C2A-1113-482D-9E4D-9EBEDE4944BA}.Debug|x64.ActiveCfg = Debug|Any CPU
		{D0F92C2A-1113-482D-9E4D-9EBEDE4944BA}.Debug|x64.Build.0 = Debug|Any CPU
		{D0F92C2A-1113-482D-9E4D-9EBEDE4944BA}.Debug|x86.ActiveCfg = Debug|Any CPU
		{D0F92C2A-1113-482D-9E4D-9EBEDE4944BA}.Debug|x86.Build.0 = Debug|Any CPU
		{D0F92C2A-1113-482D-9E4D-9EBEDE4944BA}.Release|Any CPU.ActiveCfg = Release|Any CPU
		{D0F92C2A-1113-482D-9E4D-9EBEDE4944BA}.Release|Any CPU.Build.0 = Release|Any CPU
		{D0F92C2A-1113-482D-9E4D-9EBEDE4944BA}.Release|x64.ActiveCfg = Release|Any CPU
		{D0F92C2A-1113-482D-9E4D-9EBEDE4944BA}.Release|x64.Build.0 = Release|Any CPU
		{D0F92C2A-1113-482D-9E4D-9EBEDE4944BA}.Release|x86.ActiveCfg = Release|Any CPU
		{D0F92C2A-1113-482D-9E4D-9EBEDE4944BA}.Release|x86.Build.0 = Release|Any CPU
		{72CA9164-8F61-4597-8C7E-3D156C6DE8DD}.Debug|Any CPU.ActiveCfg = Debug|Any CPU
		{72CA9164-8F61-4597-8C7E-3D156C6DE8DD}.Debug|Any CPU.Build.0 = Debug|Any CPU
		{72CA9164-8F61-4597-8C7E-3D156C6DE8DD}.Debug|x64.ActiveCfg = Debug|Any CPU
		{72CA9164-8F61-4597-8C7E-3D156C6DE8DD}.Debug|x64.Build.0 = Debug|Any CPU
		{72CA9164-8F61-4597-8C7E-3D156C6DE8DD}.Debug|x86.ActiveCfg = Debug|Any CPU
		{72CA9164-8F61-4597-8C7E-3D156C6DE8DD}.Debug|x86.Build.0 = Debug|Any CPU
		{72CA9164-8F61-4597-8C7E-3D156C6DE8DD}.Release|Any CPU.ActiveCfg = Release|Any CPU
		{72CA9164-8F61-4597-8C7E-3D156C6DE8DD}.Release|Any CPU.Build.0 = Release|Any CPU
		{72CA9164-8F61-4597-8C7E-3D156C6DE8DD}.Release|x64.ActiveCfg = Release|Any CPU
		{72CA9164-8F61-4597-8C7E-3D156C6DE8DD}.Release|x64.Build.0 = Release|Any CPU
		{72CA9164-8F61-4597-8C7E-3D156C6DE8DD}.Release|x86.ActiveCfg = Release|Any CPU
		{72CA9164-8F61-4597-8C7E-3D156C6DE8DD}.Release|x86.Build.0 = Release|Any CPU
	EndGlobalSection
	GlobalSection(SolutionProperties) = preSolution
		HideSolutionNode = FALSE
	EndGlobalSection
	GlobalSection(NestedProjects) = preSolution
		{D0F92C2A-1113-482D-9E4D-9EBEDE4944BA} = {02EA681E-C7D8-13C7-8484-4AC65E1B71E8}
		{72CA9164-8F61-4597-8C7E-3D156C6DE8DD} = {02EA681E-C7D8-13C7-8484-4AC65E1B71E8}
	EndGlobalSection
	GlobalSection(ExtensibilityGlobals) = postSolution
		SolutionGuid = {F30BA243-254A-41BA-BF9A-877C8C29DC21}
	EndGlobalSection
EndGlobal
